
Microsoft Visual Studio Solution File, Format Version 12.00
# Visual Studio Version 17
VisualStudioVersion = 17.10.35013.160
MinimumVisualStudioVersion = 10.0.40219.1
Project("{FAE04EC0-301F-11D3-BF4B-00C04F79EFBC}") = "Calculator", "Calculator\Calculator.csproj", "{C535C087-3CDB-43A7-B7C3-1977C15DEB9F}"
EndProject
Global
	GlobalSection(SolutionConfigurationPlatforms) = preSolution
		Debug|Any CPU = Debug|Any CPU
		Release|Any CPU = Release|Any CPU
	EndGlobalSection
	GlobalSection(ProjectConfigurationPlatforms) = postSolution
		{C535C087-3CDB-43A7-B7C3-1977C15DEB9F}.Debug|Any CPU.ActiveCfg = Debug|Any CPU
		{C535C087-3CDB-43A7-B7C3-1977C15DEB9F}.Debug|Any CPU.Build.0 = Debug|Any CPU
		{C535C087-3CDB-43A7-B7C3-1977C15DEB9F}.Release|Any CPU.ActiveCfg = Release|Any CPU
		{C535C087-3CDB-43A7-B7C3-1977C15DEB9F}.Release|Any CPU.Build.0 = Release|Any CPU
	EndGlobalSection
	GlobalSection(SolutionProperties) = preSolution
		HideSolutionNode = FALSE
	EndGlobalSection
	GlobalSection(ExtensibilityGlobals) = postSolution
		SolutionGuid = {26810EB7-FEED-4E89-A1AD-A41A7444F588}
	EndGlobalSection
EndGlobal
